// !$*UTF8*$!
{
	archiveVersion = 1;
	classes = {
	};
	objectVersion = 77;
	objects = {

/* Begin PBXBuildFile section */
		8FDA4F182FC5E0BA001AF248 /* WhisperKit in Frameworks */ = {isa = PBXBuildFile; productRef = 8FDA4F172FC5E0BA001AF248 /* WhisperKit */; };
		8FDACT012FC94010001AF248 /* DeviceActivity.framework in Frameworks */ = {isa = PBXBuildFile; fileRef = 8FDA4FCA2FC930C9001AF248 /* DeviceActivity.framework */; };
		8FDACT022FC94010001AF248 /* FamilyControls.framework in Frameworks */ = {isa = PBXBuildFile; fileRef = 8FDACT052FC94010001AF248 /* FamilyControls.framework */; };
		8FDACT032FC94010001AF248 /* ManagedSettings.framework in Frameworks */ = {isa = PBXBuildFile; fileRef = 8FDACT062FC94010001AF248 /* ManagedSettings.framework */; };
		8FDACT042FC94010001AF248 /* DeviceActivity.framework in Frameworks */ = {isa = PBXBuildFile; fileRef = 8FDA4FCA2FC930C9001AF248 /* DeviceActivity.framework */; };
		8FDACT0A2FC94010001AF248 /* (null) in Embed Foundation Extensions */ = {isa = PBXBuildFile; settings = {ATTRIBUTES = (RemoveHeadersOnCopy, ); }; };
		8FDACT132FC94010001AF248 /* ExtensionKit.framework in Frameworks */ = {isa = PBXBuildFile; fileRef = 8FDACT142FC94010001AF248 /* ExtensionKit.framework */; };
		8FDB9C572FCD3C46006D4D7E /* ReplayKit.framework in Frameworks */ = {isa = PBXBuildFile; fileRef = 8FDA4FA42FC930A2001AF248 /* ReplayKit.framework */; };
		8FDB9C612FCD3C47006D4D7E /* ReplayKit.framework in Frameworks */ = {isa = PBXBuildFile; fileRef = 8FDA4FA42FC930A2001AF248 /* ReplayKit.framework */; };
		8FDB9C622FCD3C47006D4D7E /* UIKit.framework in Frameworks */ = {isa = PBXBuildFile; fileRef = 8FDA4FB02FC930A2001AF248 /* UIKit.framework */; };
		8FDB9C692FCD3C47006D4D7E /* ScreenRecorderExtensionSetupUI.appex in Embed Foundation Extensions */ = {isa = PBXBuildFile; fileRef = 8FDB9C602FCD3C47006D4D7E /* ScreenRecorderExtensionSetupUI.appex */; settings = {ATTRIBUTES = (RemoveHeadersOnCopy, ); }; };
		8FDB9C6C2FCD3C47006D4D7E /* ScreenRecorderExtension.appex in Embed Foundation Extensions */ = {isa = PBXBuildFile; fileRef = 8FDB9C562FCD3C46006D4D7E /* ScreenRecorderExtension.appex */; settings = {ATTRIBUTES = (RemoveHeadersOnCopy, ); }; };
/* End PBXBuildFile section */

/* Begin PBXContainerItemProxy section */
		8FDACT0B2FC94010001AF248 /* PBXContainerItemProxy */ = {
			isa = PBXContainerItemProxy;
			containerPortal = 8F5E2D1F2FC04CB700A62CBC /* Project object */;
			proxyType = 1;
			remoteGlobalIDString = 8FDACT082FC94010001AF248;
			remoteInfo = DeviceActivityReportExtension;
		};
		8FDB9C672FCD3C47006D4D7E /* PBXContainerItemProxy */ = {
			isa = PBXContainerItemProxy;
			containerPortal = 8F5E2D1F2FC04CB700A62CBC /* Project object */;
			proxyType = 1;
			remoteGlobalIDString = 8FDB9C5F2FCD3C47006D4D7E;
			remoteInfo = ScreenRecorderExtensionSetupUI;
		};
		8FDB9C6A2FCD3C47006D4D7E /* PBXContainerItemProxy */ = {
			isa = PBXContainerItemProxy;
			containerPortal = 8F5E2D1F2FC04CB700A62CBC /* Project object */;
			proxyType = 1;
			remoteGlobalIDString = 8FDB9C552FCD3C46006D4D7E;
			remoteInfo = ScreenRecorderExtension;
		};
/* End PBXContainerItemProxy section */

/* Begin PBXCopyFilesBuildPhase section */
		8FDA4FC42FC930A2001AF248 /* Embed Foundation Extensions */ = {
			isa = PBXCopyFilesBuildPhase;
			buildActionMask = 2147483647;
			dstPath = "";
			dstSubfolderSpec = 13;
			files = (
				8FDB9C6C2FCD3C47006D4D7E /* ScreenRecorderExtension.appex in Embed Foundation Extensions */,
				8FDB9C692FCD3C47006D4D7E /* ScreenRecorderExtensionSetupUI.appex in Embed Foundation Extensions */,
			);
			name = "Embed Foundation Extensions";
			runOnlyForDeploymentPostprocessing = 0;
		};
/* End PBXCopyFilesBuildPhase section */

/* Begin PBXFileReference section */
		8F5E2D272FC04CB700A62CBC /* team-10-c3.app */ = {isa = PBXFileReference; explicitFileType = wrapper.application; includeInIndex = 0; path = "team-10-c3.app"; sourceTree = BUILT_PRODUCTS_DIR; };
		8FDA4FA42FC930A2001AF248 /* ReplayKit.framework */ = {isa = PBXFileReference; lastKnownFileType = wrapper.framework; name = ReplayKit.framework; path = System/Library/Frameworks/ReplayKit.framework; sourceTree = SDKROOT; };
		8FDA4FB02FC930A2001AF248 /* UIKit.framework */ = {isa = PBXFileReference; lastKnownFileType = wrapper.framework; name = UIKit.framework; path = System/Library/Frameworks/UIKit.framework; sourceTree = SDKROOT; };
		8FDA4FCA2FC930C9001AF248 /* DeviceActivity.framework */ = {isa = PBXFileReference; lastKnownFileType = wrapper.framework; name = DeviceActivity.framework; path = System/Library/Frameworks/DeviceActivity.framework; sourceTree = SDKROOT; };
		8FDB9C562FCD3C46006D4D7E /* ScreenRecorderExtension.appex */ = {isa = PBXFileReference; explicitFileType = "wrapper.app-extension"; includeInIndex = 0; path = ScreenRecorderExtension.appex; sourceTree = BUILT_PRODUCTS_DIR; };
		8FDB9C602FCD3C47006D4D7E /* ScreenRecorderExtensionSetupUI.appex */ = {isa = PBXFileReference; explicitFileType = "wrapper.app-extension"; includeInIndex = 0; path = ScreenRecorderExtensionSetupUI.appex; sourceTree = BUILT_PRODUCTS_DIR; };
		8FTEAM012FC94000001AF248 /* Signing.xcconfig */ = {isa = PBXFileReference; lastKnownFileType = text.xcconfig; path = Signing.xcconfig; sourceTree = "<group>"; };
		8FTEAM022FC94000001AF248 /* Signing.local.xcconfig.example */ = {isa = PBXFileReference; lastKnownFileType = text.xcconfig; path = Signing.local.xcconfig.example; sourceTree = "<group>"; };
/* End PBXFileReference section */

/* Begin PBXFileSystemSynchronizedBuildFileExceptionSet section */
		8FDACT092FC94010001AF248 /* Exceptions for "DeviceActivityReportExtension" folder in "DeviceActivityReportExtension" target */ = {
			isa = PBXFileSystemSynchronizedBuildFileExceptionSet;
			membershipExceptions = (
				Info.plist,
			);
			target = 8FDACT082FC94010001AF248 /* DeviceActivityReportExtension */;
		};
		8FDB9C6D2FCD3C47006D4D7E /* Exceptions for "ScreenRecorderExtension" folder in "ScreenRecorderExtension" target */ = {
			isa = PBXFileSystemSynchronizedBuildFileExceptionSet;
			membershipExceptions = (
				Info.plist,
			);
			target = 8FDB9C552FCD3C46006D4D7E /* ScreenRecorderExtension */;
		};
		8FDB9C712FCD3C47006D4D7E /* Exceptions for "ScreenRecorderExtensionSetupUI" folder in "ScreenRecorderExtensionSetupUI" target */ = {
			isa = PBXFileSystemSynchronizedBuildFileExceptionSet;
			membershipExceptions = (
				Info.plist,
			);
			target = 8FDB9C5F2FCD3C47006D4D7E /* ScreenRecorderExtensionSetupUI */;
		};
/* End PBXFileSystemSynchronizedBuildFileExceptionSet section */

/* Begin PBXFileSystemSynchronizedRootGroup section */
		8F5E2D292FC04CB700A62CBC /* team-10-c3 */ = {
			isa = PBXFileSystemSynchronizedRootGroup;
			path = "team-10-c3";
			sourceTree = "<group>";
		};
		8FDACT072FC94010001AF248 /* DeviceActivityReportExtension */ = {
			isa = PBXFileSystemSynchronizedRootGroup;
			exceptions = (
				8FDACT092FC94010001AF248 /* Exceptions for "DeviceActivityReportExtension" folder in "DeviceActivityReportExtension" target */,
			);
			path = DeviceActivityReportExtension;
			sourceTree = "<group>";
		};
		8FDB9C582FCD3C46006D4D7E /* ScreenRecorderExtension */ = {
			isa = PBXFileSystemSynchronizedRootGroup;
			exceptions = (
				8FDB9C6D2FCD3C47006D4D7E /* Exceptions for "ScreenRecorderExtension" folder in "ScreenRecorderExtension" target */,
			);
			path = ScreenRecorderExtension;
			sourceTree = "<group>";
		};
		8FDB9C632FCD3C47006D4D7E /* ScreenRecorderExtensionSetupUI */ = {
			isa = PBXFileSystemSynchronizedRootGroup;
			exceptions = (
				8FDB9C712FCD3C47006D4D7E /* Exceptions for "ScreenRecorderExtensionSetupUI" folder in "ScreenRecorderExtensionSetupUI" target */,
			);
			path = ScreenRecorderExtensionSetupUI;
			sourceTree = "<group>";
		};
/* End PBXFileSystemSynchronizedRootGroup section */

/* Begin PBXFrameworksBuildPhase section */
		8F5E2D242FC04CB700A62CBC /* Frameworks */ = {
			isa = PBXFrameworksBuildPhase;
			buildActionMask = 2147483647;
			files = (
				8FDA4F182FC5E0BA001AF248 /* WhisperKit in Frameworks */,
				8FDACT012FC94010001AF248 /* DeviceActivity.framework in Frameworks */,
				8FDACT022FC94010001AF248 /* FamilyControls.framework in Frameworks */,
				8FDACT032FC94010001AF248 /* ManagedSettings.framework in Frameworks */,
			);
			runOnlyForDeploymentPostprocessing = 0;
		};
		8FDACT0C2FC94010001AF248 /* Frameworks */ = {
			isa = PBXFrameworksBuildPhase;
			buildActionMask = 2147483647;
			files = (
				8FDACT042FC94010001AF248 /* DeviceActivity.framework in Frameworks */,
				8FDACT132FC94010001AF248 /* ExtensionKit.framework in Frameworks */,
				8FDACT152FC94010001AF248 /* ManagedSettings.framework in Frameworks */,
			);
			runOnlyForDeploymentPostprocessing = 0;
		};
		8FDB9C532FCD3C46006D4D7E /* Frameworks */ = {
			isa = PBXFrameworksBuildPhase;
			buildActionMask = 2147483647;
			files = (
				8FDB9C572FCD3C46006D4D7E /* ReplayKit.framework in Frameworks */,
			);
			runOnlyForDeploymentPostprocessing = 0;
		};
		8FDB9C5D2FCD3C47006D4D7E /* Frameworks */ = {
			isa = PBXFrameworksBuildPhase;
			buildActionMask = 2147483647;
			files = (
				8FDB9C612FCD3C47006D4D7E /* ReplayKit.framework in Frameworks */,
				8FDB9C622FCD3C47006D4D7E /* UIKit.framework in Frameworks */,
			);
			runOnlyForDeploymentPostprocessing = 0;
		};
/* End PBXFrameworksBuildPhase section */

/* Begin PBXGroup section */
		8F5E2D1E2FC04CB700A62CBC = {
			isa = PBXGroup;
			children = (
				8FTEAM032FC94000001AF248 /* Config */,
				8F5E2D292FC04CB700A62CBC /* team-10-c3 */,
				8FDB9C582FCD3C46006D4D7E /* ScreenRecorderExtension */,
				8FDB9C632FCD3C47006D4D7E /* ScreenRecorderExtensionSetupUI */,
				8FDACT072FC94010001AF248 /* DeviceActivityReportExtension */,
				8FDA4F162FC5E0B0001AF248 /* Frameworks */,
				8F5E2D282FC04CB700A62CBC /* Products */,
			);
			sourceTree = "<group>";
		};
		8F5E2D282FC04CB700A62CBC /* Products */ = {
			isa = PBXGroup;
			children = (
				8F5E2D272FC04CB700A62CBC /* team-10-c3.app */,
				8FDB9C562FCD3C46006D4D7E /* ScreenRecorderExtension.appex */,
				8FDB9C602FCD3C47006D4D7E /* ScreenRecorderExtensionSetupUI.appex */,
			);
			name = Products;
			sourceTree = "<group>";
		};
		8FDA4F162FC5E0B0001AF248 /* Frameworks */ = {
			isa = PBXGroup;
			children = (
				8FDA4FA42FC930A2001AF248 /* ReplayKit.framework */,
				8FDA4FB02FC930A2001AF248 /* UIKit.framework */,
				8FDA4FCA2FC930C9001AF248 /* DeviceActivity.framework */,
				8FDACT052FC94010001AF248 /* FamilyControls.framework */,
				8FDACT062FC94010001AF248 /* ManagedSettings.framework */,
				8FDACT142FC94010001AF248 /* ExtensionKit.framework */,
			);
			name = Frameworks;
			sourceTree = "<group>";
		};
		8FTEAM032FC94000001AF248 /* Config */ = {
			isa = PBXGroup;
			children = (
				8FTEAM012FC94000001AF248 /* Signing.xcconfig */,
				8FTEAM022FC94000001AF248 /* Signing.local.xcconfig.example */,
			);
			path = Config;
			sourceTree = "<group>";
		};
/* End PBXGroup section */

/* Begin PBXNativeTarget section */
		8F5E2D262FC04CB700A62CBC /* team-10-c3 */ = {
			isa = PBXNativeTarget;
			buildConfigurationList = 8F5E2D322FC04CB800A62CBC /* Build configuration list for PBXNativeTarget "team-10-c3" */;
			buildPhases = (
				8F5E2D232FC04CB700A62CBC /* Sources */,
				8F5E2D242FC04CB700A62CBC /* Frameworks */,
				8F5E2D252FC04CB700A62CBC /* Resources */,
				8FDA4FC42FC930A2001AF248 /* Embed Foundation Extensions */,
			);
			buildRules = (
			);
			dependencies = (
				8FDB9C682FCD3C47006D4D7E /* PBXTargetDependency */,
				8FDB9C6B2FCD3C47006D4D7E /* PBXTargetDependency */,
				8FDACT0D2FC94010001AF248 /* PBXTargetDependency */,
			);
			fileSystemSynchronizedGroups = (
				8F5E2D292FC04CB700A62CBC /* team-10-c3 */,
			);
			name = "team-10-c3";
			packageProductDependencies = (
				8FDA4F172FC5E0BA001AF248 /* WhisperKit */,
			);
			productName = "team-10-c3";
			productReference = 8F5E2D272FC04CB700A62CBC /* team-10-c3.app */;
			productType = "com.apple.product-type.application";
		};
		8FDACT082FC94010001AF248 /* DeviceActivityReportExtension */ = {
			isa = PBXNativeTarget;
			buildConfigurationList = 8FDACT102FC94010001AF248 /* Build configuration list for PBXNativeTarget "DeviceActivityReportExtension" */;
			buildPhases = (
				8FDACT0E2FC94010001AF248 /* Sources */,
				8FDACT0C2FC94010001AF248 /* Frameworks */,
				8FDACT0F2FC94010001AF248 /* Resources */,
			);
			buildRules = (
			);
			dependencies = (
			);
			fileSystemSynchronizedGroups = (
				8FDACT072FC94010001AF248 /* DeviceActivityReportExtension */,
			);
			name = DeviceActivityReportExtension;
			packageProductDependencies = (
			);
			productName = DeviceActivityReportExtension;
			productType = "com.apple.product-type.extensionkit-extension";
		};
		8FDB9C552FCD3C46006D4D7E /* ScreenRecorderExtension */ = {
			isa = PBXNativeTarget;
			buildConfigurationList = 8FDB9C6E2FCD3C47006D4D7E /* Build configuration list for PBXNativeTarget "ScreenRecorderExtension" */;
			buildPhases = (
				8FDB9C522FCD3C46006D4D7E /* Sources */,
				8FDB9C532FCD3C46006D4D7E /* Frameworks */,
				8FDB9C542FCD3C46006D4D7E /* Resources */,
			);
			buildRules = (
			);
			dependencies = (
			);
			fileSystemSynchronizedGroups = (
				8FDB9C582FCD3C46006D4D7E /* ScreenRecorderExtension */,
			);
			name = ScreenRecorderExtension;
			packageProductDependencies = (
			);
			productName = ScreenRecorderExtension;
			productReference = 8FDB9C562FCD3C46006D4D7E /* ScreenRecorderExtension.appex */;
			productType = "com.apple.product-type.app-extension";
		};
		8FDB9C5F2FCD3C47006D4D7E /* ScreenRecorderExtensionSetupUI */ = {
			isa = PBXNativeTarget;
			buildConfigurationList = 8FDB9C722FCD3C47006D4D7E /* Build configuration list for PBXNativeTarget "ScreenRecorderExtensionSetupUI" */;
			buildPhases = (
				8FDB9C5C2FCD3C47006D4D7E /* Sources */,
				8FDB9C5D2FCD3C47006D4D7E /* Frameworks */,
				8FDB9C5E2FCD3C47006D4D7E /* Resources */,
			);
			buildRules = (
			);
			dependencies = (
			);
			fileSystemSynchronizedGroups = (
				8FDB9C632FCD3C47006D4D7E /* ScreenRecorderExtensionSetupUI */,
			);
			name = ScreenRecorderExtensionSetupUI;
			packageProductDependencies = (
			);
			productName = ScreenRecorderExtensionSetupUI;
			productReference = 8FDB9C602FCD3C47006D4D7E /* ScreenRecorderExtensionSetupUI.appex */;
			productType = "com.apple.product-type.app-extension";
		};
/* End PBXNativeTarget section */

/* Begin PBXProject section */
		8F5E2D1F2FC04CB700A62CBC /* Project object */ = {
			isa = PBXProject;
			attributes = {
				BuildIndependentTargetsInParallel = 1;
				LastSwiftUpdateCheck = 2650;
				LastUpgradeCheck = 2650;
				TargetAttributes = {
					8F5E2D262FC04CB700A62CBC = {
						CreatedOnToolsVersion = 26.5;
					};
					8FDACT082FC94010001AF248 = {
						CreatedOnToolsVersion = 26.5;
					};
					8FDB9C552FCD3C46006D4D7E = {
						CreatedOnToolsVersion = 26.5;
					};
					8FDB9C5F2FCD3C47006D4D7E = {
						CreatedOnToolsVersion = 26.5;
					};
				};
			};
			buildConfigurationList = 8F5E2D222FC04CB700A62CBC /* Build configuration list for PBXProject "team-10-c3" */;
			developmentRegion = en;
			hasScannedForEncodings = 0;
			knownRegions = (
				en,
				Base,
			);
			mainGroup = 8F5E2D1E2FC04CB700A62CBC;
			minimizedProjectReferenceProxies = 1;
			packageReferences = (
				8FDA4EAB2FC58D9A001AF248 /* XCRemoteSwiftPackageReference "WhisperKit" */,
			);
			preferredProjectObjectVersion = 77;
			productRefGroup = 8F5E2D282FC04CB700A62CBC /* Products */;
			projectDirPath = "";
			projectRoot = "";
			targets = (
				8F5E2D262FC04CB700A62CBC /* team-10-c3 */,
				8FDB9C552FCD3C46006D4D7E /* ScreenRecorderExtension */,
				8FDB9C5F2FCD3C47006D4D7E /* ScreenRecorderExtensionSetupUI */,
				8FDACT082FC94010001AF248 /* DeviceActivityReportExtension */,
			);
		};
/* End PBXProject section */

/* Begin PBXResourcesBuildPhase section */
		8F5E2D252FC04CB700A62CBC /* Resources */ = {
			isa = PBXResourcesBuildPhase;
			buildActionMask = 2147483647;
			files = (
			);
			runOnlyForDeploymentPostprocessing = 0;
		};
		8FDACT0F2FC94010001AF248 /* Resources */ = {
			isa = PBXResourcesBuildPhase;
			buildActionMask = 2147483647;
			files = (
			);
			runOnlyForDeploymentPostprocessing = 0;
		};
		8FDB9C542FCD3C46006D4D7E /* Resources */ = {
			isa = PBXResourcesBuildPhase;
			buildActionMask = 2147483647;
			files = (
			);
			runOnlyForDeploymentPostprocessing = 0;
		};
		8FDB9C5E2FCD3C47006D4D7E /* Resources */ = {
			isa = PBXResourcesBuildPhase;
			buildActionMask = 2147483647;
			files = (
			);
			runOnlyForDeploymentPostprocessing = 0;
		};
/* End PBXResourcesBuildPhase section */

/* Begin PBXSourcesBuildPhase section */
		8F5E2D232FC04CB700A62CBC /* Sources */ = {
			isa = PBXSourcesBuildPhase;
			buildActionMask = 2147483647;
			files = (
			);
			runOnlyForDeploymentPostprocessing = 0;
		};
		8FDACT0E2FC94010001AF248 /* Sources */ = {
			isa = PBXSourcesBuildPhase;
			buildActionMask = 2147483647;
			files = (
			);
			runOnlyForDeploymentPostprocessing = 0;
		};
		8FDB9C522FCD3C46006D4D7E /* Sources */ = {
			isa = PBXSourcesBuildPhase;
			buildActionMask = 2147483647;
			files = (
			);
			runOnlyForDeploymentPostprocessing = 0;
		};
		8FDB9C5C2FCD3C47006D4D7E /* Sources */ = {
			isa = PBXSourcesBuildPhase;
			buildActionMask = 2147483647;
			files = (
			);
			runOnlyForDeploymentPostprocessing = 0;
		};
/* End PBXSourcesBuildPhase section */

/* Begin PBXTargetDependency section */
		8FDACT0D2FC94010001AF248 /* PBXTargetDependency */ = {
			isa = PBXTargetDependency;
			target = 8FDACT082FC94010001AF248 /* DeviceActivityReportExtension */;
			targetProxy = 8FDACT0B2FC94010001AF248 /* PBXContainerItemProxy */;
		};
		8FDB9C682FCD3C47006D4D7E /* PBXTargetDependency */ = {
			isa = PBXTargetDependency;
			target = 8FDB9C5F2FCD3C47006D4D7E /* ScreenRecorderExtensionSetupUI */;
			targetProxy = 8FDB9C672FCD3C47006D4D7E /* PBXContainerItemProxy */;
		};
		8FDB9C6B2FCD3C47006D4D7E /* PBXTargetDependency */ = {
			isa = PBXTargetDependency;
			target = 8FDB9C552FCD3C46006D4D7E /* ScreenRecorderExtension */;
			targetProxy = 8FDB9C6A2FCD3C47006D4D7E /* PBXContainerItemProxy */;
		};
/* End PBXTargetDependency section */

/* Begin XCBuildConfiguration section */
		8F5E2D302FC04CB800A62CBC /* Debug */ = {
			isa = XCBuildConfiguration;
			baseConfigurationReference = 8FTEAM012FC94000001AF248 /* Signing.xcconfig */;
			buildSettings = {
				ALWAYS_SEARCH_USER_PATHS = NO;
				ASSETCATALOG_COMPILER_GENERATE_SWIFT_ASSET_SYMBOL_EXTENSIONS = YES;
				CLANG_ANALYZER_NONNULL = YES;
				CLANG_ANALYZER_NUMBER_OBJECT_CONVERSION = YES_AGGRESSIVE;
				CLANG_CXX_LANGUAGE_STANDARD = "gnu++20";
				CLANG_ENABLE_MODULES = YES;
				CLANG_ENABLE_OBJC_ARC = YES;
				CLANG_ENABLE_OBJC_WEAK = YES;
				CLANG_WARN_BLOCK_CAPTURE_AUTORELEASING = YES;
				CLANG_WARN_BOOL_CONVERSION = YES;
				CLANG_WARN_COMMA = YES;
				CLANG_WARN_CONSTANT_CONVERSION = YES;
				CLANG_WARN_DEPRECATED_OBJC_IMPLEMENTATIONS = YES;
				CLANG_WARN_DIRECT_OBJC_ISA_USAGE = YES_ERROR;
				CLANG_WARN_DOCUMENTATION_COMMENTS = YES;
				CLANG_WARN_EMPTY_BODY = YES;
				CLANG_WARN_ENUM_CONVERSION = YES;
				CLANG_WARN_INFINITE_RECURSION = YES;
				CLANG_WARN_INT_CONVERSION = YES;
				CLANG_WARN_NON_LITERAL_NULL_CONVERSION = YES;
				CLANG_WARN_OBJC_IMPLICIT_RETAIN_SELF = YES;
				CLANG_WARN_OBJC_LITERAL_CONVERSION = YES;
				CLANG_WARN_OBJC_ROOT_CLASS = YES_ERROR;
				CLANG_WARN_QUOTED_INCLUDE_IN_FRAMEWORK_HEADER = YES;
				CLANG_WARN_RANGE_LOOP_ANALYSIS = YES;
				CLANG_WARN_STRICT_PROTOTYPES = YES;
				CLANG_WARN_SUSPICIOUS_MOVE = YES;
				CLANG_WARN_UNGUARDED_AVAILABILITY = YES_AGGRESSIVE;
				CLANG_WARN_UNREACHABLE_CODE = YES;
				CLANG_WARN__DUPLICATE_METHOD_MATCH = YES;
				COPY_PHASE_STRIP = NO;
				DEBUG_INFORMATION_FORMAT = dwarf;
				ENABLE_STRICT_OBJC_MSGSEND = YES;
				ENABLE_TESTABILITY = YES;
				ENABLE_USER_SCRIPT_SANDBOXING = YES;
				GCC_C_LANGUAGE_STANDARD = gnu17;
				GCC_DYNAMIC_NO_PIC = NO;
				GCC_NO_COMMON_BLOCKS = YES;
				GCC_OPTIMIZATION_LEVEL = 0;
				GCC_PREPROCESSOR_DEFINITIONS = (
					"DEBUG=1",
					"$(inherited)",
				);
				GCC_WARN_64_TO_32_BIT_CONVERSION = YES;
				GCC_WARN_ABOUT_RETURN_TYPE = YES_ERROR;
				GCC_WARN_UNDECLARED_SELECTOR = YES;
				GCC_WARN_UNINITIALIZED_AUTOS = YES_AGGRESSIVE;
				GCC_WARN_UNUSED_FUNCTION = YES;
				GCC_WARN_UNUSED_VARIABLE = YES;
				IPHONEOS_DEPLOYMENT_TARGET = 26.5;
				LOCALIZATION_PREFERS_STRING_CATALOGS = YES;
				MTL_ENABLE_DEBUG_INFO = INCLUDE_SOURCE;
				MTL_FAST_MATH = YES;
				ONLY_ACTIVE_ARCH = YES;
				SDKROOT = iphoneos;
				SWIFT_ACTIVE_COMPILATION_CONDITIONS = "DEBUG $(inherited)";
				SWIFT_OPTIMIZATION_LEVEL = "-Onone";
			};
			name = Debug;
		};
		8F5E2D312FC04CB800A62CBC /* Release */ = {
			isa = XCBuildConfiguration;
			baseConfigurationReference = 8FTEAM012FC94000001AF248 /* Signing.xcconfig */;
			buildSettings = {
				ALWAYS_SEARCH_USER_PATHS = NO;
				ASSETCATALOG_COMPILER_GENERATE_SWIFT_ASSET_SYMBOL_EXTENSIONS = YES;
				CLANG_ANALYZER_NONNULL = YES;
				CLANG_ANALYZER_NUMBER_OBJECT_CONVERSION = YES_AGGRESSIVE;
				CLANG_CXX_LANGUAGE_STANDARD = "gnu++20";
				CLANG_ENABLE_MODULES = YES;
				CLANG_ENABLE_OBJC_ARC = YES;
				CLANG_ENABLE_OBJC_WEAK = YES;
				CLANG_WARN_BLOCK_CAPTURE_AUTORELEASING = YES;
				CLANG_WARN_BOOL_CONVERSION = YES;
				CLANG_WARN_COMMA = YES;
				CLANG_WARN_CONSTANT_CONVERSION = YES;
				CLANG_WARN_DEPRECATED_OBJC_IMPLEMENTATIONS = YES;
				CLANG_WARN_DIRECT_OBJC_ISA_USAGE = YES_ERROR;
				CLANG_WARN_DOCUMENTATION_COMMENTS = YES;
				CLANG_WARN_EMPTY_BODY = YES;
				CLANG_WARN_ENUM_CONVERSION = YES;
				CLANG_WARN_INFINITE_RECURSION = YES;
				CLANG_WARN_INT_CONVERSION = YES;
				CLANG_WARN_NON_LITERAL_NULL_CONVERSION = YES;
				CLANG_WARN_OBJC_IMPLICIT_RETAIN_SELF = YES;
				CLANG_WARN_OBJC_LITERAL_CONVERSION = YES;
				CLANG_WARN_OBJC_ROOT_CLASS = YES_ERROR;
				CLANG_WARN_QUOTED_INCLUDE_IN_FRAMEWORK_HEADER = YES;
				CLANG_WARN_RANGE_LOOP_ANALYSIS = YES;
				CLANG_WARN_STRICT_PROTOTYPES = YES;
				CLANG_WARN_SUSPICIOUS_MOVE = YES;
				CLANG_WARN_UNGUARDED_AVAILABILITY = YES_AGGRESSIVE;
				CLANG_WARN_UNREACHABLE_CODE = YES;
				CLANG_WARN__DUPLICATE_METHOD_MATCH = YES;
				COPY_PHASE_STRIP = NO;
				DEBUG_INFORMATION_FORMAT = "dwarf-with-dsym";
				ENABLE_NS_ASSERTIONS = NO;
				ENABLE_STRICT_OBJC_MSGSEND = YES;
				ENABLE_USER_SCRIPT_SANDBOXING = YES;
				GCC_C_LANGUAGE_STANDARD = gnu17;
				GCC_NO_COMMON_BLOCKS = YES;
				GCC_WARN_64_TO_32_BIT_CONVERSION = YES;
				GCC_WARN_ABOUT_RETURN_TYPE = YES_ERROR;
				GCC_WARN_UNDECLARED_SELECTOR = YES;
				GCC_WARN_UNINITIALIZED_AUTOS = YES_AGGRESSIVE;
				GCC_WARN_UNUSED_FUNCTION = YES;
				GCC_WARN_UNUSED_VARIABLE = YES;
				IPHONEOS_DEPLOYMENT_TARGET = 26.5;
				LOCALIZATION_PREFERS_STRING_CATALOGS = YES;
				MTL_ENABLE_DEBUG_INFO = NO;
				MTL_FAST_MATH = YES;
				SDKROOT = iphoneos;
				SWIFT_COMPILATION_MODE = wholemodule;
				VALIDATE_PRODUCT = YES;
			};
			name = Release;
		};
		8F5E2D332FC04CB800A62CBC /* Debug */ = {
			isa = XCBuildConfiguration;
			buildSettings = {
				ASSETCATALOG_COMPILER_APPICON_NAME = AppIcon;
				ASSETCATALOG_COMPILER_GLOBAL_ACCENT_COLOR_NAME = AccentColor;
				CODE_SIGN_ENTITLEMENTS = "$(MAIN_APP_ENTITLEMENTS)";
				CODE_SIGN_IDENTITY = "Apple Development";
				CODE_SIGN_STYLE = Automatic;
				CURRENT_PROJECT_VERSION = 1;
				ENABLE_PREVIEWS = YES;
				GENERATE_INFOPLIST_FILE = YES;
				INFOPLIST_KEY_AppGroupIdentifier = "$(APP_GROUP_IDENTIFIER)";
				INFOPLIST_KEY_DeviceActivityReportExtensionBundleID = "$(DEVICE_ACTIVITY_REPORT_EXTENSION_BUNDLE_IDENTIFIER)";
				INFOPLIST_KEY_ScreenRecorderExtensionBundleID = "$(SCREEN_RECORDER_EXTENSION_BUNDLE_IDENTIFIER)";
				INFOPLIST_KEY_UIApplicationSceneManifest_Generation = YES;
				INFOPLIST_KEY_UIApplicationSupportsIndirectInputEvents = YES;
				INFOPLIST_KEY_UILaunchScreen_Generation = YES;
				INFOPLIST_KEY_UISupportedInterfaceOrientations_iPad = "UIInterfaceOrientationPortrait UIInterfaceOrientationPortraitUpsideDown UIInterfaceOrientationLandscapeLeft UIInterfaceOrientationLandscapeRight";
				INFOPLIST_KEY_UISupportedInterfaceOrientations_iPhone = "UIInterfaceOrientationPortrait UIInterfaceOrientationLandscapeLeft UIInterfaceOrientationLandscapeRight";
				IPHONEOS_DEPLOYMENT_TARGET = 26.0;
				LD_RUNPATH_SEARCH_PATHS = (
					"$(inherited)",
					"@executable_path/Frameworks",
				);
				MARKETING_VERSION = 1.0;
				PRODUCT_BUNDLE_IDENTIFIER = "$(MAIN_BUNDLE_IDENTIFIER)";
				PRODUCT_NAME = "$(TARGET_NAME)";
				PROVISIONING_PROFILE_SPECIFIER = "";
				STRING_CATALOG_GENERATE_SYMBOLS = YES;
				SWIFT_APPROACHABLE_CONCURRENCY = YES;
				SWIFT_DEFAULT_ACTOR_ISOLATION = MainActor;
				SWIFT_EMIT_LOC_STRINGS = YES;
				SWIFT_UPCOMING_FEATURE_MEMBER_IMPORT_VISIBILITY = YES;
				SWIFT_VERSION = 5.0;
				TARGETED_DEVICE_FAMILY = "1,2";
			};
			name = Debug;
		};
		8F5E2D342FC04CB800A62CBC /* Release */ = {
			isa = XCBuildConfiguration;
			buildSettings = {
				ASSETCATALOG_COMPILER_APPICON_NAME = AppIcon;
				ASSETCATALOG_COMPILER_GLOBAL_ACCENT_COLOR_NAME = AccentColor;
				CODE_SIGN_ENTITLEMENTS = "$(MAIN_APP_ENTITLEMENTS)";
				CODE_SIGN_IDENTITY = "Apple Development";
				CODE_SIGN_STYLE = Automatic;
				CURRENT_PROJECT_VERSION = 1;
				ENABLE_PREVIEWS = YES;
				GENERATE_INFOPLIST_FILE = YES;
				INFOPLIST_KEY_AppGroupIdentifier = "$(APP_GROUP_IDENTIFIER)";
				INFOPLIST_KEY_DeviceActivityReportExtensionBundleID = "$(DEVICE_ACTIVITY_REPORT_EXTENSION_BUNDLE_IDENTIFIER)";
				INFOPLIST_KEY_ScreenRecorderExtensionBundleID = "$(SCREEN_RECORDER_EXTENSION_BUNDLE_IDENTIFIER)";
				INFOPLIST_KEY_UIApplicationSceneManifest_Generation = YES;
				INFOPLIST_KEY_UIApplicationSupportsIndirectInputEvents = YES;
				INFOPLIST_KEY_UILaunchScreen_Generation = YES;
				INFOPLIST_KEY_UISupportedInterfaceOrientations_iPad = "UIInterfaceOrientationPortrait UIInterfaceOrientationPortraitUpsideDown UIInterfaceOrientationLandscapeLeft UIInterfaceOrientationLandscapeRight";
				INFOPLIST_KEY_UISupportedInterfaceOrientations_iPhone = "UIInterfaceOrientationPortrait UIInterfaceOrientationLandscapeLeft UIInterfaceOrientationLandscapeRight";
				IPHONEOS_DEPLOYMENT_TARGET = 26.0;
				LD_RUNPATH_SEARCH_PATHS = (
					"$(inherited)",
					"@executable_path/Frameworks",
				);
				MARKETING_VERSION = 1.0;
				PRODUCT_BUNDLE_IDENTIFIER = "$(MAIN_BUNDLE_IDENTIFIER)";
				PRODUCT_NAME = "$(TARGET_NAME)";
				PROVISIONING_PROFILE_SPECIFIER = "";
				STRING_CATALOG_GENERATE_SYMBOLS = YES;
				SWIFT_APPROACHABLE_CONCURRENCY = YES;
				SWIFT_DEFAULT_ACTOR_ISOLATION = MainActor;
				SWIFT_EMIT_LOC_STRINGS = YES;
				SWIFT_UPCOMING_FEATURE_MEMBER_IMPORT_VISIBILITY = YES;
				SWIFT_VERSION = 5.0;
				TARGETED_DEVICE_FAMILY = "1,2";
			};
			name = Release;
		};
		8FDACT112FC94010001AF248 /* Debug */ = {
			isa = XCBuildConfiguration;
			buildSettings = {
				CODE_SIGN_ENTITLEMENTS = "$(DEVICE_ACTIVITY_REPORT_ENTITLEMENTS)";
				CODE_SIGN_IDENTITY = "Apple Development";
				CODE_SIGN_STYLE = Automatic;
				CURRENT_PROJECT_VERSION = 1;
				GENERATE_INFOPLIST_FILE = YES;
				INFOPLIST_FILE = DeviceActivityReportExtension/Info.plist;
				INFOPLIST_KEY_AppGroupIdentifier = "$(APP_GROUP_IDENTIFIER)";
				INFOPLIST_KEY_CFBundleDisplayName = DeviceActivityReportExtension;
				INFOPLIST_KEY_NSHumanReadableCopyright = "";
				LD_RUNPATH_SEARCH_PATHS = (
					"$(inherited)",
					"@executable_path/Frameworks",
					"@executable_path/../../Frameworks",
				);
				MARKETING_VERSION = 1.0;
				PRODUCT_BUNDLE_IDENTIFIER = "$(DEVICE_ACTIVITY_REPORT_EXTENSION_BUNDLE_IDENTIFIER)";
				PRODUCT_NAME = "$(TARGET_NAME)";
				SKIP_INSTALL = YES;
				STRING_CATALOG_GENERATE_SYMBOLS = YES;
				SWIFT_APPROACHABLE_CONCURRENCY = YES;
				SWIFT_EMIT_LOC_STRINGS = YES;
				SWIFT_UPCOMING_FEATURE_MEMBER_IMPORT_VISIBILITY = YES;
				SWIFT_VERSION = 5.0;
				TARGETED_DEVICE_FAMILY = "1,2";
			};
			name = Debug;
		};
		8FDACT122FC94010001AF248 /* Release */ = {
			isa = XCBuildConfiguration;
			buildSettings = {
				CODE_SIGN_ENTITLEMENTS = "$(DEVICE_ACTIVITY_REPORT_ENTITLEMENTS)";
				CODE_SIGN_IDENTITY = "Apple Development";
				CODE_SIGN_STYLE = Automatic;
				CURRENT_PROJECT_VERSION = 1;
				GENERATE_INFOPLIST_FILE = YES;
				INFOPLIST_FILE = DeviceActivityReportExtension/Info.plist;
				INFOPLIST_KEY_AppGroupIdentifier = "$(APP_GROUP_IDENTIFIER)";
				INFOPLIST_KEY_CFBundleDisplayName = DeviceActivityReportExtension;
				INFOPLIST_KEY_NSHumanReadableCopyright = "";
				LD_RUNPATH_SEARCH_PATHS = (
					"$(inherited)",
					"@executable_path/Frameworks",
					"@executable_path/../../Frameworks",
				);
				MARKETING_VERSION = 1.0;
				PRODUCT_BUNDLE_IDENTIFIER = "$(DEVICE_ACTIVITY_REPORT_EXTENSION_BUNDLE_IDENTIFIER)";
				PRODUCT_NAME = "$(TARGET_NAME)";
				SKIP_INSTALL = YES;
				STRING_CATALOG_GENERATE_SYMBOLS = YES;
				SWIFT_APPROACHABLE_CONCURRENCY = YES;
				SWIFT_EMIT_LOC_STRINGS = YES;
				SWIFT_UPCOMING_FEATURE_MEMBER_IMPORT_VISIBILITY = YES;
				SWIFT_VERSION = 5.0;
				TARGETED_DEVICE_FAMILY = "1,2";
			};
			name = Release;
		};
		8FDB9C6F2FCD3C47006D4D7E /* Debug */ = {
			isa = XCBuildConfiguration;
			buildSettings = {
				CODE_SIGN_ENTITLEMENTS = "$(EXTENSION_ENTITLEMENTS)";
				CODE_SIGN_IDENTITY = "Apple Development";
				CODE_SIGN_STYLE = Automatic;
				CURRENT_PROJECT_VERSION = 1;
				GENERATE_INFOPLIST_FILE = YES;
				INFOPLIST_FILE = ScreenRecorderExtension/Info.plist;
				INFOPLIST_KEY_AppGroupIdentifier = "$(APP_GROUP_IDENTIFIER)";
				INFOPLIST_KEY_CFBundleDisplayName = ScreenRecorderExtension;
				INFOPLIST_KEY_NSHumanReadableCopyright = "";
				LD_RUNPATH_SEARCH_PATHS = (
					"$(inherited)",
					"@executable_path/Frameworks",
					"@executable_path/../../Frameworks",
				);
				MARKETING_VERSION = 1.0;
				PRODUCT_BUNDLE_IDENTIFIER = "$(SCREEN_RECORDER_EXTENSION_BUNDLE_IDENTIFIER)";
				PRODUCT_NAME = "$(TARGET_NAME)";
				SKIP_INSTALL = YES;
				STRING_CATALOG_GENERATE_SYMBOLS = YES;
				SWIFT_APPROACHABLE_CONCURRENCY = YES;
				SWIFT_EMIT_LOC_STRINGS = YES;
				SWIFT_UPCOMING_FEATURE_MEMBER_IMPORT_VISIBILITY = YES;
				SWIFT_VERSION = 5.0;
				TARGETED_DEVICE_FAMILY = "1,2";
			};
			name = Debug;
		};
		8FDB9C702FCD3C47006D4D7E /* Release */ = {
			isa = XCBuildConfiguration;
			buildSettings = {
				CODE_SIGN_ENTITLEMENTS = "$(EXTENSION_ENTITLEMENTS)";
				CODE_SIGN_IDENTITY = "Apple Development";
				CODE_SIGN_STYLE = Automatic;
				CURRENT_PROJECT_VERSION = 1;
				GENERATE_INFOPLIST_FILE = YES;
				INFOPLIST_FILE = ScreenRecorderExtension/Info.plist;
				INFOPLIST_KEY_AppGroupIdentifier = "$(APP_GROUP_IDENTIFIER)";
				INFOPLIST_KEY_CFBundleDisplayName = ScreenRecorderExtension;
				INFOPLIST_KEY_NSHumanReadableCopyright = "";
				LD_RUNPATH_SEARCH_PATHS = (
					"$(inherited)",
					"@executable_path/Frameworks",
					"@executable_path/../../Frameworks",
				);
				MARKETING_VERSION = 1.0;
				PRODUCT_BUNDLE_IDENTIFIER = "$(SCREEN_RECORDER_EXTENSION_BUNDLE_IDENTIFIER)";
				PRODUCT_NAME = "$(TARGET_NAME)";
				SKIP_INSTALL = YES;
				STRING_CATALOG_GENERATE_SYMBOLS = YES;
				SWIFT_APPROACHABLE_CONCURRENCY = YES;
				SWIFT_EMIT_LOC_STRINGS = YES;
				SWIFT_UPCOMING_FEATURE_MEMBER_IMPORT_VISIBILITY = YES;
				SWIFT_VERSION = 5.0;
				TARGETED_DEVICE_FAMILY = "1,2";
			};
			name = Release;
		};
		8FDB9C732FCD3C47006D4D7E /* Debug */ = {
			isa = XCBuildConfiguration;
			buildSettings = {
				CODE_SIGN_ENTITLEMENTS = "$(EXTENSION_SETUP_UI_ENTITLEMENTS)";
				CODE_SIGN_IDENTITY = "Apple Development";
				CODE_SIGN_STYLE = Automatic;
				CURRENT_PROJECT_VERSION = 1;
				GENERATE_INFOPLIST_FILE = YES;
				INFOPLIST_FILE = ScreenRecorderExtensionSetupUI/Info.plist;
				INFOPLIST_KEY_AppGroupIdentifier = "$(APP_GROUP_IDENTIFIER)";
				INFOPLIST_KEY_CFBundleDisplayName = ScreenRecorderExtensionSetupUI;
				INFOPLIST_KEY_NSHumanReadableCopyright = "";
				LD_RUNPATH_SEARCH_PATHS = (
					"$(inherited)",
					"@executable_path/Frameworks",
					"@executable_path/../../Frameworks",
				);
				MARKETING_VERSION = 1.0;
				PRODUCT_BUNDLE_IDENTIFIER = "$(SCREEN_RECORDER_SETUP_UI_BUNDLE_IDENTIFIER)";
				PRODUCT_NAME = "$(TARGET_NAME)";
				SKIP_INSTALL = YES;
				STRING_CATALOG_GENERATE_SYMBOLS = YES;
				SWIFT_APPROACHABLE_CONCURRENCY = YES;
				SWIFT_EMIT_LOC_STRINGS = YES;
				SWIFT_UPCOMING_FEATURE_MEMBER_IMPORT_VISIBILITY = YES;
				SWIFT_VERSION = 5.0;
				TARGETED_DEVICE_FAMILY = "1,2";
			};
			name = Debug;
		};
		8FDB9C742FCD3C47006D4D7E /* Release */ = {
			isa = XCBuildConfiguration;
			buildSettings = {
				CODE_SIGN_ENTITLEMENTS = "$(EXTENSION_SETUP_UI_ENTITLEMENTS)";
				CODE_SIGN_IDENTITY = "Apple Development";
				CODE_SIGN_STYLE = Automatic;
				CURRENT_PROJECT_VERSION = 1;
				GENERATE_INFOPLIST_FILE = YES;
				INFOPLIST_FILE = ScreenRecorderExtensionSetupUI/Info.plist;
				INFOPLIST_KEY_AppGroupIdentifier = "$(APP_GROUP_IDENTIFIER)";
				INFOPLIST_KEY_CFBundleDisplayName = ScreenRecorderExtensionSetupUI;
				INFOPLIST_KEY_NSHumanReadableCopyright = "";
				LD_RUNPATH_SEARCH_PATHS = (
					"$(inherited)",
					"@executable_path/Frameworks",
					"@executable_path/../../Frameworks",
				);
				MARKETING_VERSION = 1.0;
				PRODUCT_BUNDLE_IDENTIFIER = "$(SCREEN_RECORDER_SETUP_UI_BUNDLE_IDENTIFIER)";
				PRODUCT_NAME = "$(TARGET_NAME)";
				SKIP_INSTALL = YES;
				STRING_CATALOG_GENERATE_SYMBOLS = YES;
				SWIFT_APPROACHABLE_CONCURRENCY = YES;
				SWIFT_EMIT_LOC_STRINGS = YES;
				SWIFT_UPCOMING_FEATURE_MEMBER_IMPORT_VISIBILITY = YES;
				SWIFT_VERSION = 5.0;
				TARGETED_DEVICE_FAMILY = "1,2";
			};
			name = Release;
		};
/* End XCBuildConfiguration section */

/* Begin XCConfigurationList section */
		8F5E2D222FC04CB700A62CBC /* Build configuration list for PBXProject "team-10-c3" */ = {
			isa = XCConfigurationList;
			buildConfigurations = (
				8F5E2D302FC04CB800A62CBC /* Debug */,
				8F5E2D312FC04CB800A62CBC /* Release */,
			);
			defaultConfigurationIsVisible = 0;
			defaultConfigurationName = Debug;
		};
		8F5E2D322FC04CB800A62CBC /* Build configuration list for PBXNativeTarget "team-10-c3" */ = {
			isa = XCConfigurationList;
			buildConfigurations = (
				8F5E2D332FC04CB800A62CBC /* Debug */,
				8F5E2D342FC04CB800A62CBC /* Release */,
			);
			defaultConfigurationIsVisible = 0;
			defaultConfigurationName = Debug;
		};
		8FDACT102FC94010001AF248 /* Build configuration list for PBXNativeTarget "DeviceActivityReportExtension" */ = {
			isa = XCConfigurationList;
			buildConfigurations = (
				8FDACT112FC94010001AF248 /* Debug */,
				8FDACT122FC94010001AF248 /* Release */,
			);
			defaultConfigurationIsVisible = 0;
			defaultConfigurationName = Debug;
		};
		8FDB9C6E2FCD3C47006D4D7E /* Build configuration list for PBXNativeTarget "ScreenRecorderExtension" */ = {
			isa = XCConfigurationList;
			buildConfigurations = (
				8FDB9C6F2FCD3C47006D4D7E /* Debug */,
				8FDB9C702FCD3C47006D4D7E /* Release */,
			);
			defaultConfigurationIsVisible = 0;
			defaultConfigurationName = Debug;
		};
		8FDB9C722FCD3C47006D4D7E /* Build configuration list for PBXNativeTarget "ScreenRecorderExtensionSetupUI" */ = {
			isa = XCConfigurationList;
			buildConfigurations = (
				8FDB9C732FCD3C47006D4D7E /* Debug */,
				8FDB9C742FCD3C47006D4D7E /* Release */,
			);
			defaultConfigurationIsVisible = 0;
			defaultConfigurationName = Debug;
		};
/* End XCConfigurationList section */

/* Begin XCRemoteSwiftPackageReference section */
		8FDA4EAB2FC58D9A001AF248 /* XCRemoteSwiftPackageReference "WhisperKit" */ = {
			isa = XCRemoteSwiftPackageReference;
			repositoryURL = "https://github.com/argmaxinc/WhisperKit";
			requirement = {
				branch = main;
				kind = branch;
			};
		};
/* End XCRemoteSwiftPackageReference section */

/* Begin XCSwiftPackageProductDependency section */
		8FDA4F172FC5E0BA001AF248 /* WhisperKit */ = {
			isa = XCSwiftPackageProductDependency;
			package = 8FDA4EAB2FC58D9A001AF248 /* XCRemoteSwiftPackageReference "WhisperKit" */;
			productName = WhisperKit;
		};
/* End XCSwiftPackageProductDependency section */
	};
	rootObject = 8F5E2D1F2FC04CB700A62CBC /* Project object */;
}
